{
  "version": 4,
  "terraform_version": "1.5.0",
  "serial": 13,
  "lineage": "0391eadb-871e-1a21-92a4-7662f335d70f",
  "outputs": {
    "cloud_run_url": {
      "value": "https://bookshelf-elder-ngcw34itra-uw.a.run.app",
      "type": "string"
    }
  },
  "resources": [
    {
      "mode": "managed",
      "type": "google_cloud_run_service",
      "name": "default",
      "provider": "provider[\"registry.terraform.io/hashicorp/google\"]",
      "instances": [
        {
          "schema_version": 2,
          "attributes": {
            "autogenerate_revision_name": false,
            "id": "locations/us-west1/namespaces/bookshelf-elder-459202/services/bookshelf-elder",
            "location": "us-west1",
            "metadata": [
              {
                "annotations": {},
                "effective_annotations": {
                  "run.googleapis.com/ingress": "all",
                  "run.googleapis.com/ingress-status": "all",
                  "run.googleapis.com/operation-id": "9019c055-a7f6-40c4-b5d6-008bb9e163b8",
                  "run.googleapis.com/urls": "[\"https://bookshelf-elder-1098451438572.us-west1.run.app\",\"https://bookshelf-elder-ngcw34itra-uw.a.run.app\"]",
                  "serving.knative.dev/creator": "felipe.zerogame@gmail.com",
                  "serving.knative.dev/lastModifier": "felipe.zerogame@gmail.com"
                },
                "effective_labels": {
                  "cloud.googleapis.com/location": "us-west1"
                },
                "generation": 1,
                "labels": {},
                "namespace": "bookshelf-elder-459202",
                "resource_version": "AAY0l3z5vws",
                "self_link": "/apis/serving.knative.dev/v1/namespaces/1098451438572/services/bookshelf-elder",
                "terraform_labels": {},
                "uid": "fd633ff6-82d8-496f-a3a1-ae9b72b81070"
              }
            ],
            "name": "bookshelf-elder",
            "project": "bookshelf-elder-459202",
            "status": [
              {
                "conditions": [
                  {
                    "message": "",
                    "reason": "",
                    "status": "True",
                    "type": "Ready"
                  },
                  {
                    "message": "",
                    "reason": "",
                    "status": "True",
                    "type": "ConfigurationsReady"
                  },
                  {
                    "message": "",
                    "reason": "",
                    "status": "True",
                    "type": "RoutesReady"
                  }
                ],
                "latest_created_revision_name": "bookshelf-elder-00001-nnm",
                "latest_ready_revision_name": "bookshelf-elder-00001-nnm",
                "observed_generation": 1,
                "traffic": [
                  {
                    "latest_revision": true,
                    "percent": 100,
                    "revision_name": "bookshelf-elder-00001-nnm",
                    "tag": "",
                    "url": ""
                  }
                ],
                "url": "https://bookshelf-elder-ngcw34itra-uw.a.run.app"
              }
            ],
            "template": [
              {
                "metadata": [
                  {
                    "annotations": {
                      "autoscaling.knative.dev/maxScale": "3"
                    },
                    "generation": 0,
                    "labels": {
                      "run.googleapis.com/startupProbeType": "Default"
                    },
                    "name": "",
                    "namespace": "",
                    "resource_version": "",
                    "self_link": "",
                    "uid": ""
                  }
                ],
                "spec": [
                  {
                    "container_concurrency": 1,
                    "containers": [
                      {
                        "args": null,
                        "command": null,
                        "env": [
                          {
                            "name": "DATABASE_URL",
                            "value": "prisma+postgres://accelerate.prisma-data.net/?api_key=eyJhbGciOiJIUzI1NiIsInR5cCI6IkpXVCJ9.eyJhcGlfa2V5IjoiMjc4ODg5MmYtOWZlZi00YTJiLWFkZDAtM2M5OWZhZjUyZTMyIiwidGVuYW50X2lkIjoiMjZmNTkxNjBjYzlhNzJjMWM4Y2IxMmUxNGQ4ZDU3ZjBhYzA4ZTRhZmMwMzFlZDMwZWEzNGZkNTE5MjgzNTAzMCIsImludGVybmFsX3NlY3JldCI6IjM4MWRlMzhkLTExNjMtNGU4NS04MTRjLTA3OTNiY2U3ZTk1MCJ9.i5KQ8trPTTDG7k_0YKIHkrFdUdbv5wAslFWQ1V0E1E0",
                            "value_from": []
                          }
                        ],
                        "env_from": [],
                        "image": "gcr.io/bookshelf-elder-459202/bookshelf-elder",
                        "liveness_probe": [],
                        "name": "",
                        "ports": [
                          {
                            "container_port": 8080,
                            "name": "http1",
                            "protocol": ""
                          }
                        ],
                        "resources": [
                          {
                            "limits": {
                              "cpu": "0.5",
                              "memory": "256Mi"
                            },
                            "requests": null
                          }
                        ],
                        "startup_probe": [
                          {
                            "failure_threshold": 1,
                            "grpc": [],
                            "http_get": [],
                            "initial_delay_seconds": 0,
                            "period_seconds": 240,
                            "tcp_socket": [
                              {
                                "port": 8080
                              }
                            ],
                            "timeout_seconds": 240
                          }
                        ],
                        "volume_mounts": [],
                        "working_dir": ""
                      }
                    ],
                    "node_selector": null,
                    "service_account_name": "1098451438572-compute@developer.gserviceaccount.com",
                    "serving_state": "",
                    "timeout_seconds": 300,
                    "volumes": []
                  }
                ]
              }
            ],
            "timeouts": null,
            "traffic": [
              {
                "latest_revision": true,
                "percent": 100,
                "revision_name": "",
                "tag": "",
                "url": ""
              }
            ]
          },
          "sensitive_attributes": [],
          "private": "eyJlMmJmYjczMC1lY2FhLTExZTYtOGY4OC0zNDM2M2JjN2M0YzAiOnsiY3JlYXRlIjoxMjAwMDAwMDAwMDAwLCJkZWxldGUiOjEyMDAwMDAwMDAwMDAsInVwZGF0ZSI6MTIwMDAwMDAwMDAwMH0sInNjaGVtYV92ZXJzaW9uIjoiMiJ9"
        }
      ]
    },
    {
      "mode": "managed",
      "type": "google_cloud_run_service_iam_member",
      "name": "noauth",
      "provider": "provider[\"registry.terraform.io/hashicorp/google\"]",
      "instances": [
        {
          "schema_version": 0,
          "attributes": {
            "condition": [],
            "etag": "BwY0l30V+z4=",
            "id": "v1/projects/bookshelf-elder-459202/locations/us-west1/services/bookshelf-elder/roles/run.invoker/allUsers",
            "location": "us-west1",
            "member": "allUsers",
            "project": "bookshelf-elder-459202",
            "role": "roles/run.invoker",
            "service": "v1/projects/bookshelf-elder-459202/locations/us-west1/services/bookshelf-elder"
          },
          "sensitive_attributes": [],
          "private": "bnVsbA==",
          "dependencies": [
            "google_cloud_run_service.default"
          ]
        }
      ]
    },
    {
      "mode": "managed",
      "type": "google_project_service",
      "name": "cloud_run",
      "provider": "provider[\"registry.terraform.io/hashicorp/google\"]",
      "instances": [
        {
          "schema_version": 0,
          "attributes": {
            "disable_dependent_services": null,
            "disable_on_destroy": true,
            "id": "bookshelf-elder-459202/run.googleapis.com",
            "project": "bookshelf-elder-459202",
            "service": "run.googleapis.com",
            "timeouts": null
          },
          "sensitive_attributes": [],
          "private": "eyJlMmJmYjczMC1lY2FhLTExZTYtOGY4OC0zNDM2M2JjN2M0YzAiOnsiY3JlYXRlIjoxMjAwMDAwMDAwMDAwLCJkZWxldGUiOjEyMDAwMDAwMDAwMDAsInJlYWQiOjYwMDAwMDAwMDAwMCwidXBkYXRlIjoxMjAwMDAwMDAwMDAwfX0="
        }
      ]
    },
    {
      "mode": "managed",
      "type": "google_project_service",
      "name": "container_registry",
      "provider": "provider[\"registry.terraform.io/hashicorp/google\"]",
      "instances": [
        {
          "schema_version": 0,
          "attributes": {
            "disable_dependent_services": null,
            "disable_on_destroy": true,
            "id": "bookshelf-elder-459202/containerregistry.googleapis.com",
            "project": "bookshelf-elder-459202",
            "service": "containerregistry.googleapis.com",
            "timeouts": null
          },
          "sensitive_attributes": [],
          "private": "eyJlMmJmYjczMC1lY2FhLTExZTYtOGY4OC0zNDM2M2JjN2M0YzAiOnsiY3JlYXRlIjoxMjAwMDAwMDAwMDAwLCJkZWxldGUiOjEyMDAwMDAwMDAwMDAsInJlYWQiOjYwMDAwMDAwMDAwMCwidXBkYXRlIjoxMjAwMDAwMDAwMDAwfX0="
        }
      ]
    }
  ],
  "check_results": null
}
